{
  "originHash" : "cd5b774c436da45ae81ed9d7ec36615ca61fc3c99405cf1785e05cb96c67db41",
  "pins" : [
    {
      "identity" : "hptcomponentlib",
      "kind" : "remoteSourceControl",
      "location" : "git@git.igancao.com:frontend-app/cmponentlibrary/ios/hptcomponentlib.git",
      "state" : {
        "branch" : "main",
        "revision" : "b192ab630c937a642626dca35b7fc30b75e8cc33"
      }
    }
  ],
  "version" : 3
}
